
Microsoft Visual Studio Solution File, Format Version 12.00
# Visual Studio Version 17
VisualStudioVersion = 17.8.34322.80
MinimumVisualStudioVersion = 10.0.40219.1
Project("{FAE04EC0-301F-11D3-BF4B-00C04F79EFBC}") = "Shopping", "Shopping\Shopping.csproj", "{7AEB276C-9B0E-416A-AD4E-CFAF3BE16E86}"
EndProject
Global
	GlobalSection(SolutionConfigurationPlatforms) = preSolution
		Debug|Any CPU = Debug|Any CPU
		Release|Any CPU = Release|Any CPU
	EndGlobalSection
	GlobalSection(ProjectConfigurationPlatforms) = postSolution
		{7AEB276C-9B0E-416A-AD4E-CFAF3BE16E86}.Debug|Any CPU.ActiveCfg = Debug|Any CPU
		{7AEB276C-9B0E-416A-AD4E-CFAF3BE16E86}.Debug|Any CPU.Build.0 = Debug|Any CPU
		{7AEB276C-9B0E-416A-AD4E-CFAF3BE16E86}.Release|Any CPU.ActiveCfg = Release|Any CPU
		{7AEB276C-9B0E-416A-AD4E-CFAF3BE16E86}.Release|Any CPU.Build.0 = Release|Any CPU
	EndGlobalSection
	GlobalSection(SolutionProperties) = preSolution
		HideSolutionNode = FALSE
	EndGlobalSection
	GlobalSection(ExtensibilityGlobals) = postSolution
		SolutionGuid = {90304F12-6454-41C0-87FF-9F1D6450F903}
	EndGlobalSection
EndGlobal
